
Microsoft Visual Studio Solution File, Format Version 12.00
# Visual Studio Version 17
VisualStudioVersion = 17.3.32929.385
MinimumVisualStudioVersion = 10.0.40219.1
Project("{FAE04EC0-301F-11D3-BF4B-00C04F79EFBC}") = "SiteVisitor", "SiteVisitor.csproj", "{A83A7471-263F-4E03-8668-89C938F9D830}"
EndProject
Global
	GlobalSection(SolutionConfigurationPlatforms) = preSolution
		Debug|Any CPU = Debug|Any CPU
		Release|Any CPU = Release|Any CPU
	EndGlobalSection
	GlobalSection(ProjectConfigurationPlatforms) = postSolution
		{A83A7471-263F-4E03-8668-89C938F9D830}.Debug|Any CPU.ActiveCfg = Debug|Any CPU
		{A83A7471-263F-4E03-8668-89C938F9D830}.Debug|Any CPU.Build.0 = Debug|Any CPU
		{A83A7471-263F-4E03-8668-89C938F9D830}.Release|Any CPU.ActiveCfg = Release|Any CPU
		{A83A7471-263F-4E03-8668-89C938F9D830}.Release|Any CPU.Build.0 = Release|Any CPU
	EndGlobalSection
	GlobalSection(SolutionProperties) = preSolution
		HideSolutionNode = FALSE
	EndGlobalSection
	GlobalSection(ExtensibilityGlobals) = postSolution
		SolutionGuid = {60DBC16D-9F37-4433-A968-62FBFB5F121E}
	EndGlobalSection
EndGlobal
